Microsoft Visual Studio Solution File, Format Version 12.00
# Visual Studio 2012
Project("{FAE04EC0-301F-11D3-BF4B-00C04F79EFBC}") = "BeatEmUp", "BeatEmUp.csproj", "{BD62DA9E-3F76-4577-8603-435590E8211F}"
EndProject
Global
	GlobalSection(SolutionConfigurationPlatforms) = preSolution
	Debug|Any CPU = Debug|Any CPU
	ExportDebug|Any CPU = ExportDebug|Any CPU
	ExportRelease|Any CPU = ExportRelease|Any CPU
	EndGlobalSection
	GlobalSection(ProjectConfigurationPlatforms) = postSolution
		{BD62DA9E-3F76-4577-8603-435590E8211F}.Debug|Any CPU.ActiveCfg = Debug|Any CPU
		{BD62DA9E-3F76-4577-8603-435590E8211F}.Debug|Any CPU.Build.0 = Debug|Any CPU
		{BD62DA9E-3F76-4577-8603-435590E8211F}.ExportDebug|Any CPU.ActiveCfg = ExportDebug|Any CPU
		{BD62DA9E-3F76-4577-8603-435590E8211F}.ExportDebug|Any CPU.Build.0 = ExportDebug|Any CPU
		{BD62DA9E-3F76-4577-8603-435590E8211F}.ExportRelease|Any CPU.ActiveCfg = ExportRelease|Any CPU
		{BD62DA9E-3F76-4577-8603-435590E8211F}.ExportRelease|Any CPU.Build.0 = ExportRelease|Any CPU
	EndGlobalSection
EndGlobal
